// !$*UTF8*$!
{
	archiveVersion = 1;
	classes = {
	};
	objectVersion = 77;
	objects = {

/* Begin PBXBuildFile section */
		F813A77E2DC1A4AC009966E9 /* OpenMeteoSdk in Frameworks */ = {isa = PBXBuildFile; productRef = F813A77D2DC1A4AC009966E9 /* OpenMeteoSdk */; };
/* End PBXBuildFile section */

/* Begin PBXContainerItemProxy section */
		F8CFB2A72DB46D1E00DA847B /* PBXContainerItemProxy */ = {
			isa = PBXContainerItemProxy;
			containerPortal = F8CFB2892DB46D1C00DA847B /* Project object */;
			proxyType = 1;
			remoteGlobalIDString = F8CFB2902DB46D1C00DA847B;
			remoteInfo = Weather.ly;
		};
		F8CFB2B12DB46D1E00DA847B /* PBXContainerItemProxy */ = {
			isa = PBXContainerItemProxy;
			containerPortal = F8CFB2892DB46D1C00DA847B /* Project object */;
			proxyType = 1;
			remoteGlobalIDString = F8CFB2902DB46D1C00DA847B;
			remoteInfo = Weather.ly;
		};
/* End PBXContainerItemProxy section */

/* Begin PBXFileReference section */
		F8CFB2912DB46D1C00DA847B /* Weather.ly.app */ = {isa = PBXFileReference; explicitFileType = wrapper.application; includeInIndex = 0; path = Weather.ly.app; sourceTree = BUILT_PRODUCTS_DIR; };
		F8CFB2A62DB46D1E00DA847B /* Weather.lyTests.xctest */ = {isa = PBXFileReference; explicitFileType = wrapper.cfbundle; includeInIndex = 0; path = Weather.lyTests.xctest; sourceTree = BUILT_PRODUCTS_DIR; };
		F8CFB2B02DB46D1E00DA847B /* Weather.lyUITests.xctest */ = {isa = PBXFileReference; explicitFileType = wrapper.cfbundle; includeInIndex = 0; path = Weather.lyUITests.xctest; sourceTree = BUILT_PRODUCTS_DIR; };
/* End PBXFileReference section */

/* Begin PBXFileSystemSynchronizedRootGroup section */
		F8CFB2932DB46D1C00DA847B /* Weather.ly */ = {
			isa = PBXFileSystemSynchronizedRootGroup;
			path = Weather.ly;
			sourceTree = "<group>";
		};
		F8CFB2A92DB46D1E00DA847B /* Weather.lyTests */ = {
			isa = PBXFileSystemSynchronizedRootGroup;
			path = Weather.lyTests;
			sourceTree = "<group>";
		};
		F8CFB2B32DB46D1E00DA847B /* Weather.lyUITests */ = {
			isa = PBXFileSystemSynchronizedRootGroup;
			path = Weather.lyUITests;
			sourceTree = "<group>";
		};
/* End PBXFileSystemSynchronizedRootGroup section */

/* Begin PBXFrameworksBuildPhase section */
		F8CFB28E2DB46D1C00DA847B /* Frameworks */ = {
			isa = PBXFrameworksBuildPhase;
			buildActionMask = 2147483647;
			files = (
				F813A77E2DC1A4AC009966E9 /* OpenMeteoSdk in Frameworks */,
			);
			runOnlyForDeploymentPostprocessing = 0;
		};
		F8CFB2A32DB46D1E00DA847B /* Frameworks */ = {
			isa = PBXFrameworksBuildPhase;
			buildActionMask = 2147483647;
			files = (
			);
			runOnlyForDeploymentPostprocessing = 0;
		};
		F8CFB2AD2DB46D1E00DA847B /* Frameworks */ = {
			isa = PBXFrameworksBuildPhase;
			buildActionMask = 2147483647;
			files = (
			);
			runOnlyForDeploymentPostprocessing = 0;
		};
/* End PBXFrameworksBuildPhase section */

/* Begin PBXGroup section */
		F8CFB2882DB46D1C00DA847B = {
			isa = PBXGroup;
			children = (
				F8CFB2932DB46D1C00DA847B /* Weather.ly */,
				F8CFB2A92DB46D1E00DA847B /* Weather.lyTests */,
				F8CFB2B32DB46D1E00DA847B /* Weather.lyUITests */,
				F8CFB2922DB46D1C00DA847B /* Products */,
			);
			sourceTree = "<group>";
		};
		F8CFB2922DB46D1C00DA847B /* Products */ = {
			isa = PBXGroup;
			children = (
				F8CFB2912DB46D1C00DA847B /* Weather.ly.app */,
				F8CFB2A62DB46D1E00DA847B /* Weather.lyTests.xctest */,
				F8CFB2B02DB46D1E00DA847B /* Weather.lyUITests.xctest */,
			);
			name = Products;
			sourceTree = "<group>";
		};
/* End PBXGroup section */

/* Begin PBXNativeTarget section */
		F8CFB2902DB46D1C00DA847B /* Weather.ly */ = {
			isa = PBXNativeTarget;
			buildConfigurationList = F8CFB2BA2DB46D1E00DA847B /* Build configuration list for PBXNativeTarget "Weather.ly" */;
			buildPhases = (
				F8CFB28D2DB46D1C00DA847B /* Sources */,
				F8CFB28E2DB46D1C00DA847B /* Frameworks */,
				F8CFB28F2DB46D1C00DA847B /* Resources */,
			);
			buildRules = (
			);
			dependencies = (
			);
			fileSystemSynchronizedGroups = (
				F8CFB2932DB46D1C00DA847B /* Weather.ly */,
			);
			name = Weather.ly;
			packageProductDependencies = (
				F813A77D2DC1A4AC009966E9 /* OpenMeteoSdk */,
			);
			productName = Weather.ly;
			productReference = F8CFB2912DB46D1C00DA847B /* Weather.ly.app */;
			productType = "com.apple.product-type.application";
		};
		F8CFB2A52DB46D1E00DA847B /* Weather.lyTests */ = {
			isa = PBXNativeTarget;
			buildConfigurationList = F8CFB2BD2DB46D1E00DA847B /* Build configuration list for PBXNativeTarget "Weather.lyTests" */;
			buildPhases = (
				F8CFB2A22DB46D1E00DA847B /* Sources */,
				F8CFB2A32DB46D1E00DA847B /* Frameworks */,
				F8CFB2A42DB46D1E00DA847B /* Resources */,
			);
			buildRules = (
			);
			dependencies = (
				F8CFB2A82DB46D1E00DA847B /* PBXTargetDependency */,
			);
			fileSystemSynchronizedGroups = (
				F8CFB2A92DB46D1E00DA847B /* Weather.lyTests */,
			);
			name = Weather.lyTests;
			packageProductDependencies = (
			);
			productName = Weather.lyTests;
			productReference = F8CFB2A62DB46D1E00DA847B /* Weather.lyTests.xctest */;
			productType = "com.apple.product-type.bundle.unit-test";
		};
		F8CFB2AF2DB46D1E00DA847B /* Weather.lyUITests */ = {
			isa = PBXNativeTarget;
			buildConfigurationList = F8CFB2C02DB46D1E00DA847B /* Build configuration list for PBXNativeTarget "Weather.lyUITests" */;
			buildPhases = (
				F8CFB2AC2DB46D1E00DA847B /* Sources */,
				F8CFB2AD2DB46D1E00DA847B /* Frameworks */,
				F8CFB2AE2DB46D1E00DA847B /* Resources */,
			);
			buildRules = (
			);
			dependencies = (
				F8CFB2B22DB46D1E00DA847B /* PBXTargetDependency */,
			);
			fileSystemSynchronizedGroups = (
				F8CFB2B32DB46D1E00DA847B /* Weather.lyUITests */,
			);
			name = Weather.lyUITests;
			packageProductDependencies = (
			);
			productName = Weather.lyUITests;
			productReference = F8CFB2B02DB46D1E00DA847B /* Weather.lyUITests.xctest */;
			productType = "com.apple.product-type.bundle.ui-testing";
		};
/* End PBXNativeTarget section */

/* Begin PBXProject section */
		F8CFB2892DB46D1C00DA847B /* Project object */ = {
			isa = PBXProject;
			attributes = {
				BuildIndependentTargetsInParallel = 1;
				LastSwiftUpdateCheck = 1620;
				LastUpgradeCheck = 1620;
				TargetAttributes = {
					F8CFB2902DB46D1C00DA847B = {
						CreatedOnToolsVersion = 16.2;
					};
					F8CFB2A52DB46D1E00DA847B = {
						CreatedOnToolsVersion = 16.2;
						TestTargetID = F8CFB2902DB46D1C00DA847B;
					};
					F8CFB2AF2DB46D1E00DA847B = {
						CreatedOnToolsVersion = 16.2;
						TestTargetID = F8CFB2902DB46D1C00DA847B;
					};
				};
			};
			buildConfigurationList = F8CFB28C2DB46D1C00DA847B /* Build configuration list for PBXProject "Weather.ly" */;
			developmentRegion = en;
			hasScannedForEncodings = 0;
			knownRegions = (
				en,
				Base,
			);
			mainGroup = F8CFB2882DB46D1C00DA847B;
			minimizedProjectReferenceProxies = 1;
			packageReferences = (
				F813A77C2DC1A4AC009966E9 /* XCRemoteSwiftPackageReference "sdk" */,
			);
			preferredProjectObjectVersion = 77;
			productRefGroup = F8CFB2922DB46D1C00DA847B /* Products */;
			projectDirPath = "";
			projectRoot = "";
			targets = (
				F8CFB2902DB46D1C00DA847B /* Weather.ly */,
				F8CFB2A52DB46D1E00DA847B /* Weather.lyTests */,
				F8CFB2AF2DB46D1E00DA847B /* Weather.lyUITests */,
			);
		};
/* End PBXProject section */

/* Begin PBXResourcesBuildPhase section */
		F8CFB28F2DB46D1C00DA847B /* Resources */ = {
			isa = PBXResourcesBuildPhase;
			buildActionMask = 2147483647;
			files = (
			);
			runOnlyForDeploymentPostprocessing = 0;
		};
		F8CFB2A42DB46D1E00DA847B /* Resources */ = {
			isa = PBXResourcesBuildPhase;
			buildActionMask = 2147483647;
			files = (
			);
			runOnlyForDeploymentPostprocessing = 0;
		};
		F8CFB2AE2DB46D1E00DA847B /* Resources */ = {
			isa = PBXResourcesBuildPhase;
			buildActionMask = 2147483647;
			files = (
			);
			runOnlyForDeploymentPostprocessing = 0;
		};
/* End PBXResourcesBuildPhase section */

/* Begin PBXSourcesBuildPhase section */
		F8CFB28D2DB46D1C00DA847B /* Sources */ = {
			isa = PBXSourcesBuildPhase;
			buildActionMask = 2147483647;
			files = (
			);
			runOnlyForDeploymentPostprocessing = 0;
		};
		F8CFB2A22DB46D1E00DA847B /* Sources */ = {
			isa = PBXSourcesBuildPhase;
			buildActionMask = 2147483647;
			files = (
			);
			runOnlyForDeploymentPostprocessing = 0;
		};
		F8CFB2AC2DB46D1E00DA847B /* Sources */ = {
			isa = PBXSourcesBuildPhase;
			buildActionMask = 2147483647;
			files = (
			);
			runOnlyForDeploymentPostprocessing = 0;
		};
/* End PBXSourcesBuildPhase section */

/* Begin PBXTargetDependency section */
		F8CFB2A82DB46D1E00DA847B /* PBXTargetDependency */ = {
			isa = PBXTargetDependency;
			target = F8CFB2902DB46D1C00DA847B /* Weather.ly */;
			targetProxy = F8CFB2A72DB46D1E00DA847B /* PBXContainerItemProxy */;
		};
		F8CFB2B22DB46D1E00DA847B /* PBXTargetDependency */ = {
			isa = PBXTargetDependency;
			target = F8CFB2902DB46D1C00DA847B /* Weather.ly */;
			targetProxy = F8CFB2B12DB46D1E00DA847B /* PBXContainerItemProxy */;
		};
/* End PBXTargetDependency section */

/* Begin XCBuildConfiguration section */
		F8CFB2B82DB46D1E00DA847B /* Debug */ = {
			isa = XCBuildConfiguration;
			buildSettings = {
				ALWAYS_SEARCH_USER_PATHS = NO;
				ASSETCATALOG_COMPILER_GENERATE_SWIFT_ASSET_SYMBOL_EXTENSIONS = YES;
				CLANG_ANALYZER_NONNULL = YES;
				CLANG_ANALYZER_NUMBER_OBJECT_CONVERSION = YES_AGGRESSIVE;
				CLANG_CXX_LANGUAGE_STANDARD = "gnu++20";
				CLANG_ENABLE_MODULES = YES;
				CLANG_ENABLE_OBJC_ARC = YES;
				CLANG_ENABLE_OBJC_WEAK = YES;
				CLANG_WARN_BLOCK_CAPTURE_AUTORELEASING = YES;
				CLANG_WARN_BOOL_CONVERSION = YES;
				CLANG_WARN_COMMA = YES;
				CLANG_WARN_CONSTANT_CONVERSION = YES;
				CLANG_WARN_DEPRECATED_OBJC_IMPLEMENTATIONS = YES;
				CLANG_WARN_DIRECT_OBJC_ISA_USAGE = YES_ERROR;
				CLANG_WARN_DOCUMENTATION_COMMENTS = YES;
				CLANG_WARN_EMPTY_BODY = YES;
				CLANG_WARN_ENUM_CONVERSION = YES;
				CLANG_WARN_INFINITE_RECURSION = YES;
				CLANG_WARN_INT_CONVERSION = YES;
				CLANG_WARN_NON_LITERAL_NULL_CONVERSION = YES;
				CLANG_WARN_OBJC_IMPLICIT_RETAIN_SELF = YES;
				CLANG_WARN_OBJC_LITERAL_CONVERSION = YES;
				CLANG_WARN_OBJC_ROOT_CLASS = YES_ERROR;
				CLANG_WARN_QUOTED_INCLUDE_IN_FRAMEWORK_HEADER = YES;
				CLANG_WARN_RANGE_LOOP_ANALYSIS = YES;
				CLANG_WARN_STRICT_PROTOTYPES = YES;
				CLANG_WARN_SUSPICIOUS_MOVE = YES;
				CLANG_WARN_UNGUARDED_AVAILABILITY = YES_AGGRESSIVE;
				CLANG_WARN_UNREACHABLE_CODE = YES;
				CLANG_WARN__DUPLICATE_METHOD_MATCH = YES;
				COPY_PHASE_STRIP = NO;
				DEBUG_INFORMATION_FORMAT = dwarf;
				ENABLE_STRICT_OBJC_MSGSEND = YES;
				ENABLE_TESTABILITY = YES;
				ENABLE_USER_SCRIPT_SANDBOXING = YES;
				GCC_C_LANGUAGE_STANDARD = gnu17;
				GCC_DYNAMIC_NO_PIC = NO;
				GCC_NO_COMMON_BLOCKS = YES;
				GCC_OPTIMIZATION_LEVEL = 0;
				GCC_PREPROCESSOR_DEFINITIONS = (
					"DEBUG=1",
					"$(inherited)",
				);
				GCC_WARN_64_TO_32_BIT_CONVERSION = YES;
				GCC_WARN_ABOUT_RETURN_TYPE = YES_ERROR;
				GCC_WARN_UNDECLARED_SELECTOR = YES;
				GCC_WARN_UNINITIALIZED_AUTOS = YES_AGGRESSIVE;
				GCC_WARN_UNUSED_FUNCTION = YES;
				GCC_WARN_UNUSED_VARIABLE = YES;
				IPHONEOS_DEPLOYMENT_TARGET = 18.2;
				LOCALIZATION_PREFERS_STRING_CATALOGS = YES;
				MTL_ENABLE_DEBUG_INFO = INCLUDE_SOURCE;
				MTL_FAST_MATH = YES;
				ONLY_ACTIVE_ARCH = YES;
				SDKROOT = iphoneos;
				SWIFT_ACTIVE_COMPILATION_CONDITIONS = "DEBUG $(inherited)";
				SWIFT_OPTIMIZATION_LEVEL = "-Onone";
			};
			name = Debug;
		};
		F8CFB2B92DB46D1E00DA847B /* Release */ = {
			isa = XCBuildConfiguration;
			buildSettings = {
				ALWAYS_SEARCH_USER_PATHS = NO;
				ASSETCATALOG_COMPILER_GENERATE_SWIFT_ASSET_SYMBOL_EXTENSIONS = YES;
				CLANG_ANALYZER_NONNULL = YES;
				CLANG_ANALYZER_NUMBER_OBJECT_CONVERSION = YES_AGGRESSIVE;
				CLANG_CXX_LANGUAGE_STANDARD = "gnu++20";
				CLANG_ENABLE_MODULES = YES;
				CLANG_ENABLE_OBJC_ARC = YES;
				CLANG_ENABLE_OBJC_WEAK = YES;
				CLANG_WARN_BLOCK_CAPTURE_AUTORELEASING = YES;
				CLANG_WARN_BOOL_CONVERSION = YES;
				CLANG_WARN_COMMA = YES;
				CLANG_WARN_CONSTANT_CONVERSION = YES;
				CLANG_WARN_DEPRECATED_OBJC_IMPLEMENTATIONS = YES;
				CLANG_WARN_DIRECT_OBJC_ISA_USAGE = YES_ERROR;
				CLANG_WARN_DOCUMENTATION_COMMENTS = YES;
				CLANG_WARN_EMPTY_BODY = YES;
				CLANG_WARN_ENUM_CONVERSION = YES;
				CLANG_WARN_INFINITE_RECURSION = YES;
				CLANG_WARN_INT_CONVERSION = YES;
				CLANG_WARN_NON_LITERAL_NULL_CONVERSION = YES;
				CLANG_WARN_OBJC_IMPLICIT_RETAIN_SELF = YES;
				CLANG_WARN_OBJC_LITERAL_CONVERSION = YES;
				CLANG_WARN_OBJC_ROOT_CLASS = YES_ERROR;
				CLANG_WARN_QUOTED_INCLUDE_IN_FRAMEWORK_HEADER = YES;
				CLANG_WARN_RANGE_LOOP_ANALYSIS = YES;
				CLANG_WARN_STRICT_PROTOTYPES = YES;
				CLANG_WARN_SUSPICIOUS_MOVE = YES;
				CLANG_WARN_UNGUARDED_AVAILABILITY = YES_AGGRESSIVE;
				CLANG_WARN_UNREACHABLE_CODE = YES;
				CLANG_WARN__DUPLICATE_METHOD_MATCH = YES;
				COPY_PHASE_STRIP = NO;
				DEBUG_INFORMATION_FORMAT = "dwarf-with-dsym";
				ENABLE_NS_ASSERTIONS = NO;
				ENABLE_STRICT_OBJC_MSGSEND = YES;
				ENABLE_USER_SCRIPT_SANDBOXING = YES;
				GCC_C_LANGUAGE_STANDARD = gnu17;
				GCC_NO_COMMON_BLOCKS = YES;
				GCC_WARN_64_TO_32_BIT_CONVERSION = YES;
				GCC_WARN_ABOUT_RETURN_TYPE = YES_ERROR;
				GCC_WARN_UNDECLARED_SELECTOR = YES;
				GCC_WARN_UNINITIALIZED_AUTOS = YES_AGGRESSIVE;
				GCC_WARN_UNUSED_FUNCTION = YES;
				GCC_WARN_UNUSED_VARIABLE = YES;
				IPHONEOS_DEPLOYMENT_TARGET = 18.2;
				LOCALIZATION_PREFERS_STRING_CATALOGS = YES;
				MTL_ENABLE_DEBUG_INFO = NO;
				MTL_FAST_MATH = YES;
				SDKROOT = iphoneos;
				SWIFT_COMPILATION_MODE = wholemodule;
				VALIDATE_PRODUCT = YES;
			};
			name = Release;
		};
		F8CFB2BB2DB46D1E00DA847B /* Debug */ = {
			isa = XCBuildConfiguration;
			buildSettings = {
				ASSETCATALOG_COMPILER_APPICON_NAME = AppIcon;
				ASSETCATALOG_COMPILER_GLOBAL_ACCENT_COLOR_NAME = AccentColor;
				CODE_SIGN_STYLE = Automatic;
				CURRENT_PROJECT_VERSION = 1;
				DEVELOPMENT_ASSET_PATHS = "\"Weather.ly/Preview Content\"";
				DEVELOPMENT_TEAM = ZDSF9479D3;
				ENABLE_PREVIEWS = YES;
				GENERATE_INFOPLIST_FILE = YES;
				INFOPLIST_KEY_UIApplicationSceneManifest_Generation = YES;
				INFOPLIST_KEY_UIApplicationSupportsIndirectInputEvents = YES;
				INFOPLIST_KEY_UILaunchScreen_Generation = YES;
				INFOPLIST_KEY_UISupportedInterfaceOrientations_iPad = "UIInterfaceOrientationPortrait UIInterfaceOrientationPortraitUpsideDown UIInterfaceOrientationLandscapeLeft UIInterfaceOrientationLandscapeRight";
				INFOPLIST_KEY_UISupportedInterfaceOrientations_iPhone = "UIInterfaceOrientationPortrait UIInterfaceOrientationLandscapeLeft UIInterfaceOrientationLandscapeRight";
				LD_RUNPATH_SEARCH_PATHS = (
					"$(inherited)",
					"@executable_path/Frameworks",
				);
				MARKETING_VERSION = 1.0;
				PRODUCT_BUNDLE_IDENTIFIER = "com.unusednombre.Weather-ly";
				PRODUCT_NAME = "$(TARGET_NAME)";
				SWIFT_EMIT_LOC_STRINGS = YES;
				SWIFT_VERSION = 5.0;
				TARGETED_DEVICE_FAMILY = "1,2";
			};
			name = Debug;
		};
		F8CFB2BC2DB46D1E00DA847B /* Release */ = {
			isa = XCBuildConfiguration;
			buildSettings = {
				ASSETCATALOG_COMPILER_APPICON_NAME = AppIcon;
				ASSETCATALOG_COMPILER_GLOBAL_ACCENT_COLOR_NAME = AccentColor;
				CODE_SIGN_STYLE = Automatic;
				CURRENT_PROJECT_VERSION = 1;
				DEVELOPMENT_ASSET_PATHS = "\"Weather.ly/Preview Content\"";
				DEVELOPMENT_TEAM = ZDSF9479D3;
				ENABLE_PREVIEWS = YES;
				GENERATE_INFOPLIST_FILE = YES;
				INFOPLIST_KEY_UIApplicationSceneManifest_Generation = YES;
				INFOPLIST_KEY_UIApplicationSupportsIndirectInputEvents = YES;
				INFOPLIST_KEY_UILaunchScreen_Generation = YES;
				INFOPLIST_KEY_UISupportedInterfaceOrientations_iPad = "UIInterfaceOrientationPortrait UIInterfaceOrientationPortraitUpsideDown UIInterfaceOrientationLandscapeLeft UIInterfaceOrientationLandscapeRight";
				INFOPLIST_KEY_UISupportedInterfaceOrientations_iPhone = "UIInterfaceOrientationPortrait UIInterfaceOrientationLandscapeLeft UIInterfaceOrientationLandscapeRight";
				LD_RUNPATH_SEARCH_PATHS = (
					"$(inherited)",
					"@executable_path/Frameworks",
				);
				MARKETING_VERSION = 1.0;
				PRODUCT_BUNDLE_IDENTIFIER = "com.unusednombre.Weather-ly";
				PRODUCT_NAME = "$(TARGET_NAME)";
				SWIFT_EMIT_LOC_STRINGS = YES;
				SWIFT_VERSION = 5.0;
				TARGETED_DEVICE_FAMILY = "1,2";
			};
			name = Release;
		};
		F8CFB2BE2DB46D1E00DA847B /* Debug */ = {
			isa = XCBuildConfiguration;
			buildSettings = {
				BUNDLE_LOADER = "$(TEST_HOST)";
				CODE_SIGN_STYLE = Automatic;
				CURRENT_PROJECT_VERSION = 1;
				GENERATE_INFOPLIST_FILE = YES;
				IPHONEOS_DEPLOYMENT_TARGET = 18.2;
				MARKETING_VERSION = 1.0;
				PRODUCT_BUNDLE_IDENTIFIER = "com.unusednombre.Weather-lyTests";
				PRODUCT_NAME = "$(TARGET_NAME)";
				SWIFT_EMIT_LOC_STRINGS = NO;
				SWIFT_VERSION = 5.0;
				TARGETED_DEVICE_FAMILY = "1,2";
				TEST_HOST = "$(BUILT_PRODUCTS_DIR)/Weather.ly.app/$(BUNDLE_EXECUTABLE_FOLDER_PATH)/Weather.ly";
			};
			name = Debug;
		};
		F8CFB2BF2DB46D1E00DA847B /* Release */ = {
			isa = XCBuildConfiguration;
			buildSettings = {
				BUNDLE_LOADER = "$(TEST_HOST)";
				CODE_SIGN_STYLE = Automatic;
				CURRENT_PROJECT_VERSION = 1;
				GENERATE_INFOPLIST_FILE = YES;
				IPHONEOS_DEPLOYMENT_TARGET = 18.2;
				MARKETING_VERSION = 1.0;
				PRODUCT_BUNDLE_IDENTIFIER = "com.unusednombre.Weather-lyTests";
				PRODUCT_NAME = "$(TARGET_NAME)";
				SWIFT_EMIT_LOC_STRINGS = NO;
				SWIFT_VERSION = 5.0;
				TARGETED_DEVICE_FAMILY = "1,2";
				TEST_HOST = "$(BUILT_PRODUCTS_DIR)/Weather.ly.app/$(BUNDLE_EXECUTABLE_FOLDER_PATH)/Weather.ly";
			};
			name = Release;
		};
		F8CFB2C12DB46D1E00DA847B /* Debug */ = {
			isa = XCBuildConfiguration;
			buildSettings = {
				CODE_SIGN_STYLE = Automatic;
				CURRENT_PROJECT_VERSION = 1;
				GENERATE_INFOPLIST_FILE = YES;
				MARKETING_VERSION = 1.0;
				PRODUCT_BUNDLE_IDENTIFIER = "com.unusednombre.Weather-lyUITests";
				PRODUCT_NAME = "$(TARGET_NAME)";
				SWIFT_EMIT_LOC_STRINGS = NO;
				SWIFT_VERSION = 5.0;
				TARGETED_DEVICE_FAMILY = "1,2";
				TEST_TARGET_NAME = Weather.ly;
			};
			name = Debug;
		};
		F8CFB2C22DB46D1E00DA847B /* Release */ = {
			isa = XCBuildConfiguration;
			buildSettings = {
				CODE_SIGN_STYLE = Automatic;
				CURRENT_PROJECT_VERSION = 1;
				GENERATE_INFOPLIST_FILE = YES;
				MARKETING_VERSION = 1.0;
				PRODUCT_BUNDLE_IDENTIFIER = "com.unusednombre.Weather-lyUITests";
				PRODUCT_NAME = "$(TARGET_NAME)";
				SWIFT_EMIT_LOC_STRINGS = NO;
				SWIFT_VERSION = 5.0;
				TARGETED_DEVICE_FAMILY = "1,2";
				TEST_TARGET_NAME = Weather.ly;
			};
			name = Release;
		};
/* End XCBuildConfiguration section */

/* Begin XCConfigurationList section */
		F8CFB28C2DB46D1C00DA847B /* Build configuration list for PBXProject "Weather.ly" */ = {
			isa = XCConfigurationList;
			buildConfigurations = (
				F8CFB2B82DB46D1E00DA847B /* Debug */,
				F8CFB2B92DB46D1E00DA847B /* Release */,
			);
			defaultConfigurationIsVisible = 0;
			defaultConfigurationName = Release;
		};
		F8CFB2BA2DB46D1E00DA847B /* Build configuration list for PBXNativeTarget "Weather.ly" */ = {
			isa = XCConfigurationList;
			buildConfigurations = (
				F8CFB2BB2DB46D1E00DA847B /* Debug */,
				F8CFB2BC2DB46D1E00DA847B /* Release */,
			);
			defaultConfigurationIsVisible = 0;
			defaultConfigurationName = Release;
		};
		F8CFB2BD2DB46D1E00DA847B /* Build configuration list for PBXNativeTarget "Weather.lyTests" */ = {
			isa = XCConfigurationList;
			buildConfigurations = (
				F8CFB2BE2DB46D1E00DA847B /* Debug */,
				F8CFB2BF2DB46D1E00DA847B /* Release */,
			);
			defaultConfigurationIsVisible = 0;
			defaultConfigurationName = Release;
		};
		F8CFB2C02DB46D1E00DA847B /* Build configuration list for PBXNativeTarget "Weather.lyUITests" */ = {
			isa = XCConfigurationList;
			buildConfigurations = (
				F8CFB2C12DB46D1E00DA847B /* Debug */,
				F8CFB2C22DB46D1E00DA847B /* Release */,
			);
			defaultConfigurationIsVisible = 0;
			defaultConfigurationName = Release;
		};
/* End XCConfigurationList section */

/* Begin XCRemoteSwiftPackageReference section */
		F813A77C2DC1A4AC009966E9 /* XCRemoteSwiftPackageReference "sdk" */ = {
			isa = XCRemoteSwiftPackageReference;
			repositoryURL = "https://github.com/open-meteo/sdk.git";
			requirement = {
				kind = upToNextMajorVersion;
				minimumVersion = 1.5.0;
			};
		};
/* End XCRemoteSwiftPackageReference section */

/* Begin XCSwiftPackageProductDependency section */
		F813A77D2DC1A4AC009966E9 /* OpenMeteoSdk */ = {
			isa = XCSwiftPackageProductDependency;
			package = F813A77C2DC1A4AC009966E9 /* XCRemoteSwiftPackageReference "sdk" */;
			productName = OpenMeteoSdk;
		};
/* End XCSwiftPackageProductDependency section */
	};
	rootObject = F8CFB2892DB46D1C00DA847B /* Project object */;
}
